
Microsoft Visual Studio Solution File, Format Version 12.00
# Visual Studio Version 17
VisualStudioVersion = 17.2.32414.248
MinimumVisualStudioVersion = 10.0.40219.1
Project("{FAE04EC0-301F-11D3-BF4B-00C04F79EFBC}") = "probable-pancake", "probable-pancake.csproj", "{20776415-B442-4455-A4C5-089C71753812}"
EndProject
Global
	GlobalSection(SolutionConfigurationPlatforms) = preSolution
		Debug|Any CPU = Debug|Any CPU
		Release|Any CPU = Release|Any CPU
	EndGlobalSection
	GlobalSection(ProjectConfigurationPlatforms) = postSolution
		{20776415-B442-4455-A4C5-089C71753812}.Debug|Any CPU.ActiveCfg = Debug|Any CPU
		{20776415-B442-4455-A4C5-089C71753812}.Debug|Any CPU.Build.0 = Debug|Any CPU
		{20776415-B442-4455-A4C5-089C71753812}.Release|Any CPU.ActiveCfg = Release|Any CPU
		{20776415-B442-4455-A4C5-089C71753812}.Release|Any CPU.Build.0 = Release|Any CPU
	EndGlobalSection
	GlobalSection(SolutionProperties) = preSolution
		HideSolutionNode = FALSE
	EndGlobalSection
	GlobalSection(ExtensibilityGlobals) = postSolution
		SolutionGuid = {D1575D0F-21DA-4A33-B820-94EC2EF4FCF9}
	EndGlobalSection
EndGlobal
